
Microsoft Visual Studio Solution File, Format Version 12.00
# Visual Studio Version 17
VisualStudioVersion = 17.13.35931.197 d17.13
MinimumVisualStudioVersion = 10.0.40219.1
Project("{FAE04EC0-301F-11D3-BF4B-00C04F79EFBC}") = "WebApplication12", "WebApplication12\WebApplication12.csproj", "{461F9CD3-8EA7-492B-99E5-CC5A306E7BB5}"
EndProject
Global
	GlobalSection(SolutionConfigurationPlatforms) = preSolution
		Debug|Any CPU = Debug|Any CPU
		Release|Any CPU = Release|Any CPU
	EndGlobalSection
	GlobalSection(ProjectConfigurationPlatforms) = postSolution
		{461F9CD3-8EA7-492B-99E5-CC5A306E7BB5}.Debug|Any CPU.ActiveCfg = Debug|Any CPU
		{461F9CD3-8EA7-492B-99E5-CC5A306E7BB5}.Debug|Any CPU.Build.0 = Debug|Any CPU
		{461F9CD3-8EA7-492B-99E5-CC5A306E7BB5}.Release|Any CPU.ActiveCfg = Release|Any CPU
		{461F9CD3-8EA7-492B-99E5-CC5A306E7BB5}.Release|Any CPU.Build.0 = Release|Any CPU
	EndGlobalSection
	GlobalSection(SolutionProperties) = preSolution
		HideSolutionNode = FALSE
	EndGlobalSection
	GlobalSection(ExtensibilityGlobals) = postSolution
		SolutionGuid = {8E9154B4-045E-4986-B7A3-EA667B144314}
	EndGlobalSection
EndGlobal
